
Microsoft Visual Studio Solution File, Format Version 12.00
# Visual Studio Version 17
VisualStudioVersion = 17.11.35312.102
MinimumVisualStudioVersion = 10.0.40219.1
Project("{FAE04EC0-301F-11D3-BF4B-00C04F79EFBC}") = "BTL_ThucTap_LTNET", "BTL_ThucTap_LTNET.csproj", "{FBAF7F0F-7E03-4100-877D-D82423428530}"
EndProject
Global
	GlobalSection(SolutionConfigurationPlatforms) = preSolution
		Debug|Any CPU = Debug|Any CPU
		Release|Any CPU = Release|Any CPU
	EndGlobalSection
	GlobalSection(ProjectConfigurationPlatforms) = postSolution
		{FBAF7F0F-7E03-4100-877D-D82423428530}.Debug|Any CPU.ActiveCfg = Debug|Any CPU
		{FBAF7F0F-7E03-4100-877D-D82423428530}.Debug|Any CPU.Build.0 = Debug|Any CPU
		{FBAF7F0F-7E03-4100-877D-D82423428530}.Release|Any CPU.ActiveCfg = Release|Any CPU
		{FBAF7F0F-7E03-4100-877D-D82423428530}.Release|Any CPU.Build.0 = Release|Any CPU
	EndGlobalSection
	GlobalSection(SolutionProperties) = preSolution
		HideSolutionNode = FALSE
	EndGlobalSection
	GlobalSection(ExtensibilityGlobals) = postSolution
		SolutionGuid = {16A07F58-5BE2-46A0-9EE5-6CD8EFCE9168}
	EndGlobalSection
EndGlobal
